{
  "name": "witchy-cli",
  "version": "1.0.12",
  "lockfileVersion": 3,
  "requires": true,
  "packages": {
    "": {
      "name": "witchy-cli",
      "version": "1.0.12",
      "license": "MIT",
      "bin": {
        "witchy": "lookup.js"
      },
      "engines": {
        "node": ">=20.20.2"
      }
    }
  }
}
